// !$*UTF8*$!
{
	archiveVersion = 1;
	classes = {
	};
	objectVersion = 77;
	objects = {

/* Begin PBXBuildFile section */
		491F7A302E5F1E8500C6A6BD /* FirebaseAI in Frameworks */ = {isa = PBXBuildFile; productRef = 491F7A2F2E5F1E8500C6A6BD /* FirebaseAI */; };
		491F7A322E5F1E8500C6A6BD /* FirebaseAnalytics in Frameworks */ = {isa = PBXBuildFile; productRef = 491F7A312E5F1E8500C6A6BD /* FirebaseAnalytics */; };
		491F7A342E5F1E8500C6A6BD /* FirebaseAnalyticsCore in Frameworks */ = {isa = PBXBuildFile; productRef = 491F7A332E5F1E8500C6A6BD /* FirebaseAnalyticsCore */; };
		491F7A362E5F1E8500C6A6BD /* FirebaseAnalyticsIdentitySupport in Frameworks */ = {isa = PBXBuildFile; productRef = 491F7A352E5F1E8500C6A6BD /* FirebaseAnalyticsIdentitySupport */; };
		491F7A382E5F1E8500C6A6BD /* FirebaseAppCheck in Frameworks */ = {isa = PBXBuildFile; productRef = 491F7A372E5F1E8500C6A6BD /* FirebaseAppCheck */; };
		491F7A3A2E5F1E8500C6A6BD /* FirebaseAppDistribution-Beta in Frameworks */ = {isa = PBXBuildFile; productRef = 491F7A392E5F1E8500C6A6BD /* FirebaseAppDistribution-Beta */; };
		491F7A3C2E5F1E8500C6A6BD /* FirebaseAuth in Frameworks */ = {isa = PBXBuildFile; productRef = 491F7A3B2E5F1E8500C6A6BD /* FirebaseAuth */; };
		491F7A3E2E5F1E8500C6A6BD /* FirebaseAuthCombine-Community in Frameworks */ = {isa = PBXBuildFile; productRef = 491F7A3D2E5F1E8500C6A6BD /* FirebaseAuthCombine-Community */; };
		491F7A402E5F1E8500C6A6BD /* FirebaseCore in Frameworks */ = {isa = PBXBuildFile; productRef = 491F7A3F2E5F1E8500C6A6BD /* FirebaseCore */; };
		491F7A422E5F1E8500C6A6BD /* FirebaseCrashlytics in Frameworks */ = {isa = PBXBuildFile; productRef = 491F7A412E5F1E8500C6A6BD /* FirebaseCrashlytics */; };
		491F7A442E5F1E8500C6A6BD /* FirebaseDatabase in Frameworks */ = {isa = PBXBuildFile; productRef = 491F7A432E5F1E8500C6A6BD /* FirebaseDatabase */; };
		491F7A462E5F1E8500C6A6BD /* FirebaseFirestore in Frameworks */ = {isa = PBXBuildFile; productRef = 491F7A452E5F1E8500C6A6BD /* FirebaseFirestore */; };
		491F7A482E5F1E8500C6A6BD /* FirebaseFirestoreCombine-Community in Frameworks */ = {isa = PBXBuildFile; productRef = 491F7A472E5F1E8500C6A6BD /* FirebaseFirestoreCombine-Community */; };
		491F7A4A2E5F1E8500C6A6BD /* FirebaseFunctions in Frameworks */ = {isa = PBXBuildFile; productRef = 491F7A492E5F1E8500C6A6BD /* FirebaseFunctions */; };
		491F7A4C2E5F1E8500C6A6BD /* FirebaseFunctionsCombine-Community in Frameworks */ = {isa = PBXBuildFile; productRef = 491F7A4B2E5F1E8500C6A6BD /* FirebaseFunctionsCombine-Community */; };
		491F7A4E2E5F1E8500C6A6BD /* FirebaseInAppMessaging-Beta in Frameworks */ = {isa = PBXBuildFile; productRef = 491F7A4D2E5F1E8500C6A6BD /* FirebaseInAppMessaging-Beta */; };
		491F7A502E5F1E8500C6A6BD /* FirebaseInstallations in Frameworks */ = {isa = PBXBuildFile; productRef = 491F7A4F2E5F1E8500C6A6BD /* FirebaseInstallations */; };
		491F7A522E5F1E8500C6A6BD /* FirebaseMLModelDownloader in Frameworks */ = {isa = PBXBuildFile; productRef = 491F7A512E5F1E8500C6A6BD /* FirebaseMLModelDownloader */; };
		491F7A542E5F1E8500C6A6BD /* FirebaseMessaging in Frameworks */ = {isa = PBXBuildFile; productRef = 491F7A532E5F1E8500C6A6BD /* FirebaseMessaging */; };
		491F7A562E5F1E8500C6A6BD /* FirebasePerformance in Frameworks */ = {isa = PBXBuildFile; productRef = 491F7A552E5F1E8500C6A6BD /* FirebasePerformance */; };
		491F7A582E5F1E8500C6A6BD /* FirebaseRemoteConfig in Frameworks */ = {isa = PBXBuildFile; productRef = 491F7A572E5F1E8500C6A6BD /* FirebaseRemoteConfig */; };
		491F7A5A2E5F1E8500C6A6BD /* FirebaseStorage in Frameworks */ = {isa = PBXBuildFile; productRef = 491F7A592E5F1E8500C6A6BD /* FirebaseStorage */; };
		491F7A5C2E5F1E8500C6A6BD /* FirebaseStorageCombine-Community in Frameworks */ = {isa = PBXBuildFile; productRef = 491F7A5B2E5F1E8500C6A6BD /* FirebaseStorageCombine-Community */; };
		491F7A5F2E5F1EA100C6A6BD /* Lottie in Frameworks */ = {isa = PBXBuildFile; productRef = 491F7A5E2E5F1EA100C6A6BD /* Lottie */; };
		497F30192E5F3E23002122EC /* GoogleSignIn in Frameworks */ = {isa = PBXBuildFile; productRef = 497F30182E5F3E23002122EC /* GoogleSignIn */; };
		497F301B2E5F3E23002122EC /* GoogleSignInSwift in Frameworks */ = {isa = PBXBuildFile; productRef = 497F301A2E5F3E23002122EC /* GoogleSignInSwift */; };
/* End PBXBuildFile section */

/* Begin PBXFileReference section */
		491F7A052E5F1BA600C6A6BD /* test_game.app */ = {isa = PBXFileReference; explicitFileType = wrapper.application; includeInIndex = 0; path = test_game.app; sourceTree = BUILT_PRODUCTS_DIR; };
/* End PBXFileReference section */

/* Begin PBXFileSystemSynchronizedRootGroup section */
		491F7A072E5F1BA600C6A6BD /* test_game */ = {
			isa = PBXFileSystemSynchronizedRootGroup;
			path = test_game;
			sourceTree = "<group>";
		};
/* End PBXFileSystemSynchronizedRootGroup section */

/* Begin PBXFrameworksBuildPhase section */
		491F7A022E5F1BA600C6A6BD /* Frameworks */ = {
			isa = PBXFrameworksBuildPhase;
			buildActionMask = 2147483647;
			files = (
				491F7A482E5F1E8500C6A6BD /* FirebaseFirestoreCombine-Community in Frameworks */,
				491F7A4A2E5F1E8500C6A6BD /* FirebaseFunctions in Frameworks */,
				491F7A562E5F1E8500C6A6BD /* FirebasePerformance in Frameworks */,
				491F7A5C2E5F1E8500C6A6BD /* FirebaseStorageCombine-Community in Frameworks */,
				491F7A582E5F1E8500C6A6BD /* FirebaseRemoteConfig in Frameworks */,
				497F301B2E5F3E23002122EC /* GoogleSignInSwift in Frameworks */,
				491F7A362E5F1E8500C6A6BD /* FirebaseAnalyticsIdentitySupport in Frameworks */,
				491F7A322E5F1E8500C6A6BD /* FirebaseAnalytics in Frameworks */,
				491F7A342E5F1E8500C6A6BD /* FirebaseAnalyticsCore in Frameworks */,
				491F7A382E5F1E8500C6A6BD /* FirebaseAppCheck in Frameworks */,
				491F7A302E5F1E8500C6A6BD /* FirebaseAI in Frameworks */,
				491F7A462E5F1E8500C6A6BD /* FirebaseFirestore in Frameworks */,
				491F7A542E5F1E8500C6A6BD /* FirebaseMessaging in Frameworks */,
				491F7A502E5F1E8500C6A6BD /* FirebaseInstallations in Frameworks */,
				491F7A4C2E5F1E8500C6A6BD /* FirebaseFunctionsCombine-Community in Frameworks */,
				491F7A3C2E5F1E8500C6A6BD /* FirebaseAuth in Frameworks */,
				497F30192E5F3E23002122EC /* GoogleSignIn in Frameworks */,
				491F7A3A2E5F1E8500C6A6BD /* FirebaseAppDistribution-Beta in Frameworks */,
				491F7A4E2E5F1E8500C6A6BD /* FirebaseInAppMessaging-Beta in Frameworks */,
				491F7A422E5F1E8500C6A6BD /* FirebaseCrashlytics in Frameworks */,
				491F7A442E5F1E8500C6A6BD /* FirebaseDatabase in Frameworks */,
				491F7A522E5F1E8500C6A6BD /* FirebaseMLModelDownloader in Frameworks */,
				491F7A5A2E5F1E8500C6A6BD /* FirebaseStorage in Frameworks */,
				491F7A402E5F1E8500C6A6BD /* FirebaseCore in Frameworks */,
				491F7A3E2E5F1E8500C6A6BD /* FirebaseAuthCombine-Community in Frameworks */,
				491F7A5F2E5F1EA100C6A6BD /* Lottie in Frameworks */,
			);
			runOnlyForDeploymentPostprocessing = 0;
		};
/* End PBXFrameworksBuildPhase section */

/* Begin PBXGroup section */
		491F79FC2E5F1BA600C6A6BD = {
			isa = PBXGroup;
			children = (
				491F7A072E5F1BA600C6A6BD /* test_game */,
				491F7A062E5F1BA600C6A6BD /* Products */,
			);
			sourceTree = "<group>";
		};
		491F7A062E5F1BA600C6A6BD /* Products */ = {
			isa = PBXGroup;
			children = (
				491F7A052E5F1BA600C6A6BD /* test_game.app */,
			);
			name = Products;
			sourceTree = "<group>";
		};
/* End PBXGroup section */

/* Begin PBXNativeTarget section */
		491F7A042E5F1BA600C6A6BD /* test_game */ = {
			isa = PBXNativeTarget;
			buildConfigurationList = 491F7A102E5F1BA700C6A6BD /* Build configuration list for PBXNativeTarget "test_game" */;
			buildPhases = (
				491F7A012E5F1BA600C6A6BD /* Sources */,
				491F7A022E5F1BA600C6A6BD /* Frameworks */,
				491F7A032E5F1BA600C6A6BD /* Resources */,
			);
			buildRules = (
			);
			dependencies = (
			);
			fileSystemSynchronizedGroups = (
				491F7A072E5F1BA600C6A6BD /* test_game */,
			);
			name = test_game;
			packageProductDependencies = (
				491F7A2F2E5F1E8500C6A6BD /* FirebaseAI */,
				491F7A312E5F1E8500C6A6BD /* FirebaseAnalytics */,
				491F7A332E5F1E8500C6A6BD /* FirebaseAnalyticsCore */,
				491F7A352E5F1E8500C6A6BD /* FirebaseAnalyticsIdentitySupport */,
				491F7A372E5F1E8500C6A6BD /* FirebaseAppCheck */,
				491F7A392E5F1E8500C6A6BD /* FirebaseAppDistribution-Beta */,
				491F7A3B2E5F1E8500C6A6BD /* FirebaseAuth */,
				491F7A3D2E5F1E8500C6A6BD /* FirebaseAuthCombine-Community */,
				491F7A3F2E5F1E8500C6A6BD /* FirebaseCore */,
				491F7A412E5F1E8500C6A6BD /* FirebaseCrashlytics */,
				491F7A432E5F1E8500C6A6BD /* FirebaseDatabase */,
				491F7A452E5F1E8500C6A6BD /* FirebaseFirestore */,
				491F7A472E5F1E8500C6A6BD /* FirebaseFirestoreCombine-Community */,
				491F7A492E5F1E8500C6A6BD /* FirebaseFunctions */,
				491F7A4B2E5F1E8500C6A6BD /* FirebaseFunctionsCombine-Community */,
				491F7A4D2E5F1E8500C6A6BD /* FirebaseInAppMessaging-Beta */,
				491F7A4F2E5F1E8500C6A6BD /* FirebaseInstallations */,
				491F7A512E5F1E8500C6A6BD /* FirebaseMLModelDownloader */,
				491F7A532E5F1E8500C6A6BD /* FirebaseMessaging */,
				491F7A552E5F1E8500C6A6BD /* FirebasePerformance */,
				491F7A572E5F1E8500C6A6BD /* FirebaseRemoteConfig */,
				491F7A592E5F1E8500C6A6BD /* FirebaseStorage */,
				491F7A5B2E5F1E8500C6A6BD /* FirebaseStorageCombine-Community */,
				491F7A5E2E5F1EA100C6A6BD /* Lottie */,
				497F30182E5F3E23002122EC /* GoogleSignIn */,
				497F301A2E5F3E23002122EC /* GoogleSignInSwift */,
			);
			productName = test_game;
			productReference = 491F7A052E5F1BA600C6A6BD /* test_game.app */;
			productType = "com.apple.product-type.application";
		};
/* End PBXNativeTarget section */

/* Begin PBXProject section */
		491F79FD2E5F1BA600C6A6BD /* Project object */ = {
			isa = PBXProject;
			attributes = {
				BuildIndependentTargetsInParallel = 1;
				LastSwiftUpdateCheck = 1640;
				LastUpgradeCheck = 1640;
				TargetAttributes = {
					491F7A042E5F1BA600C6A6BD = {
						CreatedOnToolsVersion = 16.4;
					};
				};
			};
			buildConfigurationList = 491F7A002E5F1BA600C6A6BD /* Build configuration list for PBXProject "test_game" */;
			developmentRegion = en;
			hasScannedForEncodings = 0;
			knownRegions = (
				en,
				Base,
			);
			mainGroup = 491F79FC2E5F1BA600C6A6BD;
			minimizedProjectReferenceProxies = 1;
			packageReferences = (
				491F7A2E2E5F1E8500C6A6BD /* XCRemoteSwiftPackageReference "firebase-ios-sdk" */,
				491F7A5D2E5F1EA100C6A6BD /* XCRemoteSwiftPackageReference "lottie-ios" */,
				497F30172E5F3E23002122EC /* XCRemoteSwiftPackageReference "GoogleSignIn-iOS" */,
			);
			preferredProjectObjectVersion = 77;
			productRefGroup = 491F7A062E5F1BA600C6A6BD /* Products */;
			projectDirPath = "";
			projectRoot = "";
			targets = (
				491F7A042E5F1BA600C6A6BD /* test_game */,
			);
		};
/* End PBXProject section */

/* Begin PBXResourcesBuildPhase section */
		491F7A032E5F1BA600C6A6BD /* Resources */ = {
			isa = PBXResourcesBuildPhase;
			buildActionMask = 2147483647;
			files = (
			);
			runOnlyForDeploymentPostprocessing = 0;
		};
/* End PBXResourcesBuildPhase section */

/* Begin PBXSourcesBuildPhase section */
		491F7A012E5F1BA600C6A6BD /* Sources */ = {
			isa = PBXSourcesBuildPhase;
			buildActionMask = 2147483647;
			files = (
			);
			runOnlyForDeploymentPostprocessing = 0;
		};
/* End PBXSourcesBuildPhase section */

/* Begin XCBuildConfiguration section */
		491F7A0E2E5F1BA700C6A6BD /* Debug */ = {
			isa = XCBuildConfiguration;
			buildSettings = {
				ALWAYS_SEARCH_USER_PATHS = NO;
				ASSETCATALOG_COMPILER_GENERATE_SWIFT_ASSET_SYMBOL_EXTENSIONS = YES;
				CLANG_ANALYZER_NONNULL = YES;
				CLANG_ANALYZER_NUMBER_OBJECT_CONVERSION = YES_AGGRESSIVE;
				CLANG_CXX_LANGUAGE_STANDARD = "gnu++20";
				CLANG_ENABLE_MODULES = YES;
				CLANG_ENABLE_OBJC_ARC = YES;
				CLANG_ENABLE_OBJC_WEAK = YES;
				CLANG_WARN_BLOCK_CAPTURE_AUTORELEASING = YES;
				CLANG_WARN_BOOL_CONVERSION = YES;
				CLANG_WARN_COMMA = YES;
				CLANG_WARN_CONSTANT_CONVERSION = YES;
				CLANG_WARN_DEPRECATED_OBJC_IMPLEMENTATIONS = YES;
				CLANG_WARN_DIRECT_OBJC_ISA_USAGE = YES_ERROR;
				CLANG_WARN_DOCUMENTATION_COMMENTS = YES;
				CLANG_WARN_EMPTY_BODY = YES;
				CLANG_WARN_ENUM_CONVERSION = YES;
				CLANG_WARN_INFINITE_RECURSION = YES;
				CLANG_WARN_INT_CONVERSION = YES;
				CLANG_WARN_NON_LITERAL_NULL_CONVERSION = YES;
				CLANG_WARN_OBJC_IMPLICIT_RETAIN_SELF = YES;
				CLANG_WARN_OBJC_LITERAL_CONVERSION = YES;
				CLANG_WARN_OBJC_ROOT_CLASS = YES_ERROR;
				CLANG_WARN_QUOTED_INCLUDE_IN_FRAMEWORK_HEADER = YES;
				CLANG_WARN_RANGE_LOOP_ANALYSIS = YES;
				CLANG_WARN_STRICT_PROTOTYPES = YES;
				CLANG_WARN_SUSPICIOUS_MOVE = YES;
				CLANG_WARN_UNGUARDED_AVAILABILITY = YES_AGGRESSIVE;
				CLANG_WARN_UNREACHABLE_CODE = YES;
				CLANG_WARN__DUPLICATE_METHOD_MATCH = YES;
				COPY_PHASE_STRIP = NO;
				DEBUG_INFORMATION_FORMAT = dwarf;
				DEVELOPMENT_TEAM = QMD8BLY8VV;
				ENABLE_STRICT_OBJC_MSGSEND = YES;
				ENABLE_TESTABILITY = YES;
				ENABLE_USER_SCRIPT_SANDBOXING = YES;
				GCC_C_LANGUAGE_STANDARD = gnu17;
				GCC_DYNAMIC_NO_PIC = NO;
				GCC_NO_COMMON_BLOCKS = YES;
				GCC_OPTIMIZATION_LEVEL = 0;
				GCC_PREPROCESSOR_DEFINITIONS = (
					"DEBUG=1",
					"$(inherited)",
				);
				GCC_WARN_64_TO_32_BIT_CONVERSION = YES;
				GCC_WARN_ABOUT_RETURN_TYPE = YES_ERROR;
				GCC_WARN_UNDECLARED_SELECTOR = YES;
				GCC_WARN_UNINITIALIZED_AUTOS = YES_AGGRESSIVE;
				GCC_WARN_UNUSED_FUNCTION = YES;
				GCC_WARN_UNUSED_VARIABLE = YES;
				IPHONEOS_DEPLOYMENT_TARGET = 18.5;
				LOCALIZATION_PREFERS_STRING_CATALOGS = YES;
				MTL_ENABLE_DEBUG_INFO = INCLUDE_SOURCE;
				MTL_FAST_MATH = YES;
				ONLY_ACTIVE_ARCH = YES;
				SDKROOT = iphoneos;
				SWIFT_ACTIVE_COMPILATION_CONDITIONS = "DEBUG $(inherited)";
				SWIFT_OPTIMIZATION_LEVEL = "-Onone";
			};
			name = Debug;
		};
		491F7A0F2E5F1BA700C6A6BD /* Release */ = {
			isa = XCBuildConfiguration;
			buildSettings = {
				ALWAYS_SEARCH_USER_PATHS = NO;
				ASSETCATALOG_COMPILER_GENERATE_SWIFT_ASSET_SYMBOL_EXTENSIONS = YES;
				CLANG_ANALYZER_NONNULL = YES;
				CLANG_ANALYZER_NUMBER_OBJECT_CONVERSION = YES_AGGRESSIVE;
				CLANG_CXX_LANGUAGE_STANDARD = "gnu++20";
				CLANG_ENABLE_MODULES = YES;
				CLANG_ENABLE_OBJC_ARC = YES;
				CLANG_ENABLE_OBJC_WEAK = YES;
				CLANG_WARN_BLOCK_CAPTURE_AUTORELEASING = YES;
				CLANG_WARN_BOOL_CONVERSION = YES;
				CLANG_WARN_COMMA = YES;
				CLANG_WARN_CONSTANT_CONVERSION = YES;
				CLANG_WARN_DEPRECATED_OBJC_IMPLEMENTATIONS = YES;
				CLANG_WARN_DIRECT_OBJC_ISA_USAGE = YES_ERROR;
				CLANG_WARN_DOCUMENTATION_COMMENTS = YES;
				CLANG_WARN_EMPTY_BODY = YES;
				CLANG_WARN_ENUM_CONVERSION = YES;
				CLANG_WARN_INFINITE_RECURSION = YES;
				CLANG_WARN_INT_CONVERSION = YES;
				CLANG_WARN_NON_LITERAL_NULL_CONVERSION = YES;
				CLANG_WARN_OBJC_IMPLICIT_RETAIN_SELF = YES;
				CLANG_WARN_OBJC_LITERAL_CONVERSION = YES;
				CLANG_WARN_OBJC_ROOT_CLASS = YES_ERROR;
				CLANG_WARN_QUOTED_INCLUDE_IN_FRAMEWORK_HEADER = YES;
				CLANG_WARN_RANGE_LOOP_ANALYSIS = YES;
				CLANG_WARN_STRICT_PROTOTYPES = YES;
				CLANG_WARN_SUSPICIOUS_MOVE = YES;
				CLANG_WARN_UNGUARDED_AVAILABILITY = YES_AGGRESSIVE;
				CLANG_WARN_UNREACHABLE_CODE = YES;
				CLANG_WARN__DUPLICATE_METHOD_MATCH = YES;
				COPY_PHASE_STRIP = NO;
				DEBUG_INFORMATION_FORMAT = "dwarf-with-dsym";
				DEVELOPMENT_TEAM = QMD8BLY8VV;
				ENABLE_NS_ASSERTIONS = NO;
				ENABLE_STRICT_OBJC_MSGSEND = YES;
				ENABLE_USER_SCRIPT_SANDBOXING = YES;
				GCC_C_LANGUAGE_STANDARD = gnu17;
				GCC_NO_COMMON_BLOCKS = YES;
				GCC_WARN_64_TO_32_BIT_CONVERSION = YES;
				GCC_WARN_ABOUT_RETURN_TYPE = YES_ERROR;
				GCC_WARN_UNDECLARED_SELECTOR = YES;
				GCC_WARN_UNINITIALIZED_AUTOS = YES_AGGRESSIVE;
				GCC_WARN_UNUSED_FUNCTION = YES;
				GCC_WARN_UNUSED_VARIABLE = YES;
				IPHONEOS_DEPLOYMENT_TARGET = 18.5;
				LOCALIZATION_PREFERS_STRING_CATALOGS = YES;
				MTL_ENABLE_DEBUG_INFO = NO;
				MTL_FAST_MATH = YES;
				SDKROOT = iphoneos;
				SWIFT_COMPILATION_MODE = wholemodule;
				VALIDATE_PRODUCT = YES;
			};
			name = Release;
		};
		491F7A112E5F1BA700C6A6BD /* Debug */ = {
			isa = XCBuildConfiguration;
			buildSettings = {
				ASSETCATALOG_COMPILER_APPICON_NAME = AppIcon;
				ASSETCATALOG_COMPILER_GLOBAL_ACCENT_COLOR_NAME = AccentColor;
				CODE_SIGN_STYLE = Automatic;
				CURRENT_PROJECT_VERSION = 1;
				DEVELOPMENT_TEAM = QMD8BLY8VV;
				ENABLE_PREVIEWS = YES;
				GENERATE_INFOPLIST_FILE = YES;
				INFOPLIST_FILE = "test-game-Info.plist";
				INFOPLIST_KEY_UIApplicationSceneManifest_Generation = YES;
				INFOPLIST_KEY_UIApplicationSupportsIndirectInputEvents = YES;
				INFOPLIST_KEY_UILaunchScreen_Generation = YES;
				INFOPLIST_KEY_UISupportedInterfaceOrientations_iPad = "UIInterfaceOrientationPortrait UIInterfaceOrientationPortraitUpsideDown UIInterfaceOrientationLandscapeLeft UIInterfaceOrientationLandscapeRight";
				INFOPLIST_KEY_UISupportedInterfaceOrientations_iPhone = "UIInterfaceOrientationPortrait UIInterfaceOrientationLandscapeLeft UIInterfaceOrientationLandscapeRight";
				LD_RUNPATH_SEARCH_PATHS = (
					"$(inherited)",
					"@executable_path/Frameworks",
				);
				MARKETING_VERSION = 1.0;
				PRODUCT_BUNDLE_IDENTIFIER = "MiroshnikovGroup.test-game";
				PRODUCT_NAME = "$(TARGET_NAME)";
				SUPPORTED_PLATFORMS = "iphoneos iphonesimulator";
				SUPPORTS_MACCATALYST = NO;
				SUPPORTS_MAC_DESIGNED_FOR_IPHONE_IPAD = NO;
				SUPPORTS_XR_DESIGNED_FOR_IPHONE_IPAD = NO;
				SWIFT_EMIT_LOC_STRINGS = YES;
				SWIFT_VERSION = 5.0;
				TARGETED_DEVICE_FAMILY = 1;
			};
			name = Debug;
		};
		491F7A122E5F1BA700C6A6BD /* Release */ = {
			isa = XCBuildConfiguration;
			buildSettings = {
				ASSETCATALOG_COMPILER_APPICON_NAME = AppIcon;
				ASSETCATALOG_COMPILER_GLOBAL_ACCENT_COLOR_NAME = AccentColor;
				CODE_SIGN_STYLE = Automatic;
				CURRENT_PROJECT_VERSION = 1;
				DEVELOPMENT_TEAM = QMD8BLY8VV;
				ENABLE_PREVIEWS = YES;
				GENERATE_INFOPLIST_FILE = YES;
				INFOPLIST_FILE = "test-game-Info.plist";
				INFOPLIST_KEY_UIApplicationSceneManifest_Generation = YES;
				INFOPLIST_KEY_UIApplicationSupportsIndirectInputEvents = YES;
				INFOPLIST_KEY_UILaunchScreen_Generation = YES;
				INFOPLIST_KEY_UISupportedInterfaceOrientations_iPad = "UIInterfaceOrientationPortrait UIInterfaceOrientationPortraitUpsideDown UIInterfaceOrientationLandscapeLeft UIInterfaceOrientationLandscapeRight";
				INFOPLIST_KEY_UISupportedInterfaceOrientations_iPhone = "UIInterfaceOrientationPortrait UIInterfaceOrientationLandscapeLeft UIInterfaceOrientationLandscapeRight";
				LD_RUNPATH_SEARCH_PATHS = (
					"$(inherited)",
					"@executable_path/Frameworks",
				);
				MARKETING_VERSION = 1.0;
				PRODUCT_BUNDLE_IDENTIFIER = "MiroshnikovGroup.test-game";
				PRODUCT_NAME = "$(TARGET_NAME)";
				SUPPORTED_PLATFORMS = "iphoneos iphonesimulator";
				SUPPORTS_MACCATALYST = NO;
				SUPPORTS_MAC_DESIGNED_FOR_IPHONE_IPAD = NO;
				SUPPORTS_XR_DESIGNED_FOR_IPHONE_IPAD = NO;
				SWIFT_EMIT_LOC_STRINGS = YES;
				SWIFT_VERSION = 5.0;
				TARGETED_DEVICE_FAMILY = 1;
			};
			name = Release;
		};
/* End XCBuildConfiguration section */

/* Begin XCConfigurationList section */
		491F7A002E5F1BA600C6A6BD /* Build configuration list for PBXProject "test_game" */ = {
			isa = XCConfigurationList;
			buildConfigurations = (
				491F7A0E2E5F1BA700C6A6BD /* Debug */,
				491F7A0F2E5F1BA700C6A6BD /* Release */,
			);
			defaultConfigurationIsVisible = 0;
			defaultConfigurationName = Release;
		};
		491F7A102E5F1BA700C6A6BD /* Build configuration list for PBXNativeTarget "test_game" */ = {
			isa = XCConfigurationList;
			buildConfigurations = (
				491F7A112E5F1BA700C6A6BD /* Debug */,
				491F7A122E5F1BA700C6A6BD /* Release */,
			);
			defaultConfigurationIsVisible = 0;
			defaultConfigurationName = Release;
		};
/* End XCConfigurationList section */

/* Begin XCRemoteSwiftPackageReference section */
		491F7A2E2E5F1E8500C6A6BD /* XCRemoteSwiftPackageReference "firebase-ios-sdk" */ = {
			isa = XCRemoteSwiftPackageReference;
			repositoryURL = "https://github.com/firebase/firebase-ios-sdk";
			requirement = {
				kind = upToNextMajorVersion;
				minimumVersion = 12.1.0;
			};
		};
		491F7A5D2E5F1EA100C6A6BD /* XCRemoteSwiftPackageReference "lottie-ios" */ = {
			isa = XCRemoteSwiftPackageReference;
			repositoryURL = "https://github.com/airbnb/lottie-ios.git";
			requirement = {
				kind = upToNextMajorVersion;
				minimumVersion = 4.5.2;
			};
		};
		497F30172E5F3E23002122EC /* XCRemoteSwiftPackageReference "GoogleSignIn-iOS" */ = {
			isa = XCRemoteSwiftPackageReference;
			repositoryURL = "https://github.com/google/GoogleSignIn-iOS.git";
			requirement = {
				kind = upToNextMajorVersion;
				minimumVersion = 9.0.0;
			};
		};
/* End XCRemoteSwiftPackageReference section */

/* Begin XCSwiftPackageProductDependency section */
		491F7A2F2E5F1E8500C6A6BD /* FirebaseAI */ = {
			isa = XCSwiftPackageProductDependency;
			package = 491F7A2E2E5F1E8500C6A6BD /* XCRemoteSwiftPackageReference "firebase-ios-sdk" */;
			productName = FirebaseAI;
		};
		491F7A312E5F1E8500C6A6BD /* FirebaseAnalytics */ = {
			isa = XCSwiftPackageProductDependency;
			package = 491F7A2E2E5F1E8500C6A6BD /* XCRemoteSwiftPackageReference "firebase-ios-sdk" */;
			productName = FirebaseAnalytics;
		};
		491F7A332E5F1E8500C6A6BD /* FirebaseAnalyticsCore */ = {
			isa = XCSwiftPackageProductDependency;
			package = 491F7A2E2E5F1E8500C6A6BD /* XCRemoteSwiftPackageReference "firebase-ios-sdk" */;
			productName = FirebaseAnalyticsCore;
		};
		491F7A352E5F1E8500C6A6BD /* FirebaseAnalyticsIdentitySupport */ = {
			isa = XCSwiftPackageProductDependency;
			package = 491F7A2E2E5F1E8500C6A6BD /* XCRemoteSwiftPackageReference "firebase-ios-sdk" */;
			productName = FirebaseAnalyticsIdentitySupport;
		};
		491F7A372E5F1E8500C6A6BD /* FirebaseAppCheck */ = {
			isa = XCSwiftPackageProductDependency;
			package = 491F7A2E2E5F1E8500C6A6BD /* XCRemoteSwiftPackageReference "firebase-ios-sdk" */;
			productName = FirebaseAppCheck;
		};
		491F7A392E5F1E8500C6A6BD /* FirebaseAppDistribution-Beta */ = {
			isa = XCSwiftPackageProductDependency;
			package = 491F7A2E2E5F1E8500C6A6BD /* XCRemoteSwiftPackageReference "firebase-ios-sdk" */;
			productName = "FirebaseAppDistribution-Beta";
		};
		491F7A3B2E5F1E8500C6A6BD /* FirebaseAuth */ = {
			isa = XCSwiftPackageProductDependency;
			package = 491F7A2E2E5F1E8500C6A6BD /* XCRemoteSwiftPackageReference "firebase-ios-sdk" */;
			productName = FirebaseAuth;
		};
		491F7A3D2E5F1E8500C6A6BD /* FirebaseAuthCombine-Community */ = {
			isa = XCSwiftPackageProductDependency;
			package = 491F7A2E2E5F1E8500C6A6BD /* XCRemoteSwiftPackageReference "firebase-ios-sdk" */;
			productName = "FirebaseAuthCombine-Community";
		};
		491F7A3F2E5F1E8500C6A6BD /* FirebaseCore */ = {
			isa = XCSwiftPackageProductDependency;
			package = 491F7A2E2E5F1E8500C6A6BD /* XCRemoteSwiftPackageReference "firebase-ios-sdk" */;
			productName = FirebaseCore;
		};
		491F7A412E5F1E8500C6A6BD /* FirebaseCrashlytics */ = {
			isa = XCSwiftPackageProductDependency;
			package = 491F7A2E2E5F1E8500C6A6BD /* XCRemoteSwiftPackageReference "firebase-ios-sdk" */;
			productName = FirebaseCrashlytics;
		};
		491F7A432E5F1E8500C6A6BD /* FirebaseDatabase */ = {
			isa = XCSwiftPackageProductDependency;
			package = 491F7A2E2E5F1E8500C6A6BD /* XCRemoteSwiftPackageReference "firebase-ios-sdk" */;
			productName = FirebaseDatabase;
		};
		491F7A452E5F1E8500C6A6BD /* FirebaseFirestore */ = {
			isa = XCSwiftPackageProductDependency;
			package = 491F7A2E2E5F1E8500C6A6BD /* XCRemoteSwiftPackageReference "firebase-ios-sdk" */;
			productName = FirebaseFirestore;
		};
		491F7A472E5F1E8500C6A6BD /* FirebaseFirestoreCombine-Community */ = {
			isa = XCSwiftPackageProductDependency;
			package = 491F7A2E2E5F1E8500C6A6BD /* XCRemoteSwiftPackageReference "firebase-ios-sdk" */;
			productName = "FirebaseFirestoreCombine-Community";
		};
		491F7A492E5F1E8500C6A6BD /* FirebaseFunctions */ = {
			isa = XCSwiftPackageProductDependency;
			package = 491F7A2E2E5F1E8500C6A6BD /* XCRemoteSwiftPackageReference "firebase-ios-sdk" */;
			productName = FirebaseFunctions;
		};
		491F7A4B2E5F1E8500C6A6BD /* FirebaseFunctionsCombine-Community */ = {
			isa = XCSwiftPackageProductDependency;
			package = 491F7A2E2E5F1E8500C6A6BD /* XCRemoteSwiftPackageReference "firebase-ios-sdk" */;
			productName = "FirebaseFunctionsCombine-Community";
		};
		491F7A4D2E5F1E8500C6A6BD /* FirebaseInAppMessaging-Beta */ = {
			isa = XCSwiftPackageProductDependency;
			package = 491F7A2E2E5F1E8500C6A6BD /* XCRemoteSwiftPackageReference "firebase-ios-sdk" */;
			productName = "FirebaseInAppMessaging-Beta";
		};
		491F7A4F2E5F1E8500C6A6BD /* FirebaseInstallations */ = {
			isa = XCSwiftPackageProductDependency;
			package = 491F7A2E2E5F1E8500C6A6BD /* XCRemoteSwiftPackageReference "firebase-ios-sdk" */;
			productName = FirebaseInstallations;
		};
		491F7A512E5F1E8500C6A6BD /* FirebaseMLModelDownloader */ = {
			isa = XCSwiftPackageProductDependency;
			package = 491F7A2E2E5F1E8500C6A6BD /* XCRemoteSwiftPackageReference "firebase-ios-sdk" */;
			productName = FirebaseMLModelDownloader;
		};
		491F7A532E5F1E8500C6A6BD /* FirebaseMessaging */ = {
			isa = XCSwiftPackageProductDependency;
			package = 491F7A2E2E5F1E8500C6A6BD /* XCRemoteSwiftPackageReference "firebase-ios-sdk" */;
			productName = FirebaseMessaging;
		};
		491F7A552E5F1E8500C6A6BD /* FirebasePerformance */ = {
			isa = XCSwiftPackageProductDependency;
			package = 491F7A2E2E5F1E8500C6A6BD /* XCRemoteSwiftPackageReference "firebase-ios-sdk" */;
			productName = FirebasePerformance;
		};
		491F7A572E5F1E8500C6A6BD /* FirebaseRemoteConfig */ = {
			isa = XCSwiftPackageProductDependency;
			package = 491F7A2E2E5F1E8500C6A6BD /* XCRemoteSwiftPackageReference "firebase-ios-sdk" */;
			productName = FirebaseRemoteConfig;
		};
		491F7A592E5F1E8500C6A6BD /* FirebaseStorage */ = {
			isa = XCSwiftPackageProductDependency;
			package = 491F7A2E2E5F1E8500C6A6BD /* XCRemoteSwiftPackageReference "firebase-ios-sdk" */;
			productName = FirebaseStorage;
		};
		491F7A5B2E5F1E8500C6A6BD /* FirebaseStorageCombine-Community */ = {
			isa = XCSwiftPackageProductDependency;
			package = 491F7A2E2E5F1E8500C6A6BD /* XCRemoteSwiftPackageReference "firebase-ios-sdk" */;
			productName = "FirebaseStorageCombine-Community";
		};
		491F7A5E2E5F1EA100C6A6BD /* Lottie */ = {
			isa = XCSwiftPackageProductDependency;
			package = 491F7A5D2E5F1EA100C6A6BD /* XCRemoteSwiftPackageReference "lottie-ios" */;
			productName = Lottie;
		};
		497F30182E5F3E23002122EC /* GoogleSignIn */ = {
			isa = XCSwiftPackageProductDependency;
			package = 497F30172E5F3E23002122EC /* XCRemoteSwiftPackageReference "GoogleSignIn-iOS" */;
			productName = GoogleSignIn;
		};
		497F301A2E5F3E23002122EC /* GoogleSignInSwift */ = {
			isa = XCSwiftPackageProductDependency;
			package = 497F30172E5F3E23002122EC /* XCRemoteSwiftPackageReference "GoogleSignIn-iOS" */;
			productName = GoogleSignInSwift;
		};
/* End XCSwiftPackageProductDependency section */
	};
	rootObject = 491F79FD2E5F1BA600C6A6BD /* Project object */;
}
